
Microsoft Visual Studio Solution File, Format Version 12.00
# Visual Studio Version 16
VisualStudioVersion = 16.0.29509.3
MinimumVisualStudioVersion = 10.0.40219.1
Project("{FAE04EC0-301F-11D3-BF4B-00C04F79EFBC}") = "HypixelBazzar", "HypixelBazzar\HypixelBazzar.csproj", "{094B4904-34FB-4750-9EA8-2807AD0EF136}"
EndProject
Global
	GlobalSection(SolutionConfigurationPlatforms) = preSolution
		Debug|Any CPU = Debug|Any CPU
		Release|Any CPU = Release|Any CPU
	EndGlobalSection
	GlobalSection(ProjectConfigurationPlatforms) = postSolution
		{094B4904-34FB-4750-9EA8-2807AD0EF136}.Debug|Any CPU.ActiveCfg = Debug|Any CPU
		{094B4904-34FB-4750-9EA8-2807AD0EF136}.Debug|Any CPU.Build.0 = Debug|Any CPU
		{094B4904-34FB-4750-9EA8-2807AD0EF136}.Release|Any CPU.ActiveCfg = Release|Any CPU
		{094B4904-34FB-4750-9EA8-2807AD0EF136}.Release|Any CPU.Build.0 = Release|Any CPU
	EndGlobalSection
	GlobalSection(SolutionProperties) = preSolution
		HideSolutionNode = FALSE
	EndGlobalSection
	GlobalSection(ExtensibilityGlobals) = postSolution
		SolutionGuid = {E00D4208-6F44-4626-9111-B56C5520553F}
	EndGlobalSection
EndGlobal
